<?xml version="1.0" encoding="utf-8"?>
<Project ToolsVersion="4.0" xmlns="http://schemas.microsoft.com/developer/msbuild/2003">
  <ItemGroup>
    <ClCompile Include="test.cpp" />
    <ClCompile Include="pch.cpp" />
    <ClCompile Include="..\DataStructures\test\ConsoleUtilTest.cpp">
      <Filter>DataStructures</Filter>
    </ClCompile>
    <ClCompile Include="..\DataStructures\test\LinkedListTest.cpp">
      <Filter>DataStructures</Filter>
    </ClCompile>
    <ClCompile Include="..\DataStructures\test\QueueTest.cpp">
      <Filter>DataStructures</Filter>
    </ClCompile>
    <ClCompile Include="..\DataStructures\test\StackTest.cpp">
      <Filter>DataStructures</Filter>
    </ClCompile>
  </ItemGroup>
  <ItemGroup>
    <ClInclude Include="pch.h" />
  </ItemGroup>
  <ItemGroup>
    <None Include="packages.config" />
  </ItemGroup>
  <ItemGroup>
    <Filter Include="DataStructures">
      <UniqueIdentifier>{39fa3b9b-4e8b-4ef9-a8ee-ec1613770856}</UniqueIdentifier>
    </Filter>
  </ItemGroup>
</Project>